// !$*UTF8*$!
{
	archiveVersion = 1;
	classes = {
	};
	objectVersion = 50;
	objects = {

/* Begin PBXBuildFile section */
		796A16432316FC3500301C02 /* AppDelegate.swift in Sources */ = {isa = PBXBuildFile; fileRef = 796A16422316FC3500301C02 /* AppDelegate.swift */; };
		796A16452316FC3500301C02 /* ViewController.swift in Sources */ = {isa = PBXBuildFile; fileRef = 796A16442316FC3500301C02 /* ViewController.swift */; };
		796A164A2316FC3600301C02 /* Assets.xcassets in Resources */ = {isa = PBXBuildFile; fileRef = 796A16492316FC3600301C02 /* Assets.xcassets */; };
		796A164D2316FC3600301C02 /* LaunchScreen.storyboard in Resources */ = {isa = PBXBuildFile; fileRef = 796A164B2316FC3600301C02 /* LaunchScreen.storyboard */; };
		796A16582316FC3600301C02 /* CBuilderTests.swift in Sources */ = {isa = PBXBuildFile; fileRef = 796A16572316FC3600301C02 /* CBuilderTests.swift */; };
		796A16662316FEBD00301C02 /* View.swift in Sources */ = {isa = PBXBuildFile; fileRef = 796A16652316FEBD00301C02 /* View.swift */; };
		796A166823170A4D00301C02 /* CBuilder.swift in Sources */ = {isa = PBXBuildFile; fileRef = 796A166723170A4D00301C02 /* CBuilder.swift */; };
/* End PBXBuildFile section */

/* Begin PBXContainerItemProxy section */
		796A16542316FC3600301C02 /* PBXContainerItemProxy */ = {
			isa = PBXContainerItemProxy;
			containerPortal = 796A16372316FC3500301C02 /* Project object */;
			proxyType = 1;
			remoteGlobalIDString = 796A163E2316FC3500301C02;
			remoteInfo = CBuilder;
		};
/* End PBXContainerItemProxy section */

/* Begin PBXFileReference section */
		796A163F2316FC3500301C02 /* CBuilder.app */ = {isa = PBXFileReference; explicitFileType = wrapper.application; includeInIndex = 0; path = CBuilder.app; sourceTree = BUILT_PRODUCTS_DIR; };
		796A16422316FC3500301C02 /* AppDelegate.swift */ = {isa = PBXFileReference; lastKnownFileType = sourcecode.swift; path = AppDelegate.swift; sourceTree = "<group>"; };
		796A16442316FC3500301C02 /* ViewController.swift */ = {isa = PBXFileReference; lastKnownFileType = sourcecode.swift; path = ViewController.swift; sourceTree = "<group>"; };
		796A16492316FC3600301C02 /* Assets.xcassets */ = {isa = PBXFileReference; lastKnownFileType = folder.assetcatalog; path = Assets.xcassets; sourceTree = "<group>"; };
		796A164C2316FC3600301C02 /* Base */ = {isa = PBXFileReference; lastKnownFileType = file.storyboard; name = Base; path = Base.lproj/LaunchScreen.storyboard; sourceTree = "<group>"; };
		796A164E2316FC3600301C02 /* Info.plist */ = {isa = PBXFileReference; lastKnownFileType = text.plist.xml; path = Info.plist; sourceTree = "<group>"; };
		796A16532316FC3600301C02 /* CBuilderTests.xctest */ = {isa = PBXFileReference; explicitFileType = wrapper.cfbundle; includeInIndex = 0; path = CBuilderTests.xctest; sourceTree = BUILT_PRODUCTS_DIR; };
		796A16572316FC3600301C02 /* CBuilderTests.swift */ = {isa = PBXFileReference; lastKnownFileType = sourcecode.swift; path = CBuilderTests.swift; sourceTree = "<group>"; };
		796A16592316FC3600301C02 /* Info.plist */ = {isa = PBXFileReference; lastKnownFileType = text.plist.xml; path = Info.plist; sourceTree = "<group>"; };
		796A16652316FEBD00301C02 /* View.swift */ = {isa = PBXFileReference; lastKnownFileType = sourcecode.swift; path = View.swift; sourceTree = "<group>"; };
		796A166723170A4D00301C02 /* CBuilder.swift */ = {isa = PBXFileReference; lastKnownFileType = sourcecode.swift; path = CBuilder.swift; sourceTree = "<group>"; };
/* End PBXFileReference section */

/* Begin PBXFrameworksBuildPhase section */
		796A163C2316FC3500301C02 /* Frameworks */ = {
			isa = PBXFrameworksBuildPhase;
			buildActionMask = 2147483647;
			files = (
			);
			runOnlyForDeploymentPostprocessing = 0;
		};
		796A16502316FC3600301C02 /* Frameworks */ = {
			isa = PBXFrameworksBuildPhase;
			buildActionMask = 2147483647;
			files = (
			);
			runOnlyForDeploymentPostprocessing = 0;
		};
/* End PBXFrameworksBuildPhase section */

/* Begin PBXGroup section */
		796A16362316FC3400301C02 = {
			isa = PBXGroup;
			children = (
				796A16412316FC3500301C02 /* CBuilder */,
				796A16562316FC3600301C02 /* CBuilderTests */,
				796A16402316FC3500301C02 /* Products */,
			);
			sourceTree = "<group>";
		};
		796A16402316FC3500301C02 /* Products */ = {
			isa = PBXGroup;
			children = (
				796A163F2316FC3500301C02 /* CBuilder.app */,
				796A16532316FC3600301C02 /* CBuilderTests.xctest */,
			);
			name = Products;
			sourceTree = "<group>";
		};
		796A16412316FC3500301C02 /* CBuilder */ = {
			isa = PBXGroup;
			children = (
				796A16632316FCC700301C02 /* Source */,
				796A16622316FCC200301C02 /* Demo */,
				796A164E2316FC3600301C02 /* Info.plist */,
				796A164B2316FC3600301C02 /* LaunchScreen.storyboard */,
			);
			path = CBuilder;
			sourceTree = "<group>";
		};
		796A16562316FC3600301C02 /* CBuilderTests */ = {
			isa = PBXGroup;
			children = (
				796A16572316FC3600301C02 /* CBuilderTests.swift */,
				796A16592316FC3600301C02 /* Info.plist */,
			);
			path = CBuilderTests;
			sourceTree = "<group>";
		};
		796A16622316FCC200301C02 /* Demo */ = {
			isa = PBXGroup;
			children = (
				796A16492316FC3600301C02 /* Assets.xcassets */,
				796A16642316FCD700301C02 /* App */,
			);
			path = Demo;
			sourceTree = "<group>";
		};
		796A16632316FCC700301C02 /* Source */ = {
			isa = PBXGroup;
			children = (
				796A166723170A4D00301C02 /* CBuilder.swift */,
			);
			path = Source;
			sourceTree = "<group>";
		};
		796A16642316FCD700301C02 /* App */ = {
			isa = PBXGroup;
			children = (
				796A16442316FC3500301C02 /* ViewController.swift */,
				796A16652316FEBD00301C02 /* View.swift */,
				796A16422316FC3500301C02 /* AppDelegate.swift */,
			);
			path = App;
			sourceTree = "<group>";
		};
/* End PBXGroup section */

/* Begin PBXNativeTarget section */
		796A163E2316FC3500301C02 /* CBuilder */ = {
			isa = PBXNativeTarget;
			buildConfigurationList = 796A165C2316FC3600301C02 /* Build configuration list for PBXNativeTarget "CBuilder" */;
			buildPhases = (
				796A163B2316FC3500301C02 /* Sources */,
				796A163C2316FC3500301C02 /* Frameworks */,
				796A163D2316FC3500301C02 /* Resources */,
			);
			buildRules = (
			);
			dependencies = (
			);
			name = CBuilder;
			productName = CBuilder;
			productReference = 796A163F2316FC3500301C02 /* CBuilder.app */;
			productType = "com.apple.product-type.application";
		};
		796A16522316FC3600301C02 /* CBuilderTests */ = {
			isa = PBXNativeTarget;
			buildConfigurationList = 796A165F2316FC3600301C02 /* Build configuration list for PBXNativeTarget "CBuilderTests" */;
			buildPhases = (
				796A164F2316FC3600301C02 /* Sources */,
				796A16502316FC3600301C02 /* Frameworks */,
				796A16512316FC3600301C02 /* Resources */,
			);
			buildRules = (
			);
			dependencies = (
				796A16552316FC3600301C02 /* PBXTargetDependency */,
			);
			name = CBuilderTests;
			productName = CBuilderTests;
			productReference = 796A16532316FC3600301C02 /* CBuilderTests.xctest */;
			productType = "com.apple.product-type.bundle.unit-test";
		};
/* End PBXNativeTarget section */

/* Begin PBXProject section */
		796A16372316FC3500301C02 /* Project object */ = {
			isa = PBXProject;
			attributes = {
				LastSwiftUpdateCheck = 1030;
				LastUpgradeCheck = 1030;
				ORGANIZATIONNAME = "Vinicius Mangueira";
				TargetAttributes = {
					796A163E2316FC3500301C02 = {
						CreatedOnToolsVersion = 10.3;
					};
					796A16522316FC3600301C02 = {
						CreatedOnToolsVersion = 10.3;
						TestTargetID = 796A163E2316FC3500301C02;
					};
				};
			};
			buildConfigurationList = 796A163A2316FC3500301C02 /* Build configuration list for PBXProject "CBuilder" */;
			compatibilityVersion = "Xcode 9.3";
			developmentRegion = en;
			hasScannedForEncodings = 0;
			knownRegions = (
				en,
				Base,
			);
			mainGroup = 796A16362316FC3400301C02;
			productRefGroup = 796A16402316FC3500301C02 /* Products */;
			projectDirPath = "";
			projectRoot = "";
			targets = (
				796A163E2316FC3500301C02 /* CBuilder */,
				796A16522316FC3600301C02 /* CBuilderTests */,
			);
		};
/* End PBXProject section */

/* Begin PBXResourcesBuildPhase section */
		796A163D2316FC3500301C02 /* Resources */ = {
			isa = PBXResourcesBuildPhase;
			buildActionMask = 2147483647;
			files = (
				796A164D2316FC3600301C02 /* LaunchScreen.storyboard in Resources */,
				796A164A2316FC3600301C02 /* Assets.xcassets in Resources */,
			);
			runOnlyForDeploymentPostprocessing = 0;
		};
		796A16512316FC3600301C02 /* Resources */ = {
			isa = PBXResourcesBuildPhase;
			buildActionMask = 2147483647;
			files = (
			);
			runOnlyForDeploymentPostprocessing = 0;
		};
/* End PBXResourcesBuildPhase section */

/* Begin PBXSourcesBuildPhase section */
		796A163B2316FC3500301C02 /* Sources */ = {
			isa = PBXSourcesBuildPhase;
			buildActionMask = 2147483647;
			files = (
				796A16452316FC3500301C02 /* ViewController.swift in Sources */,
				796A16432316FC3500301C02 /* AppDelegate.swift in Sources */,
				796A16662316FEBD00301C02 /* View.swift in Sources */,
				796A166823170A4D00301C02 /* CBuilder.swift in Sources */,
			);
			runOnlyForDeploymentPostprocessing = 0;
		};
		796A164F2316FC3600301C02 /* Sources */ = {
			isa = PBXSourcesBuildPhase;
			buildActionMask = 2147483647;
			files = (
				796A16582316FC3600301C02 /* CBuilderTests.swift in Sources */,
			);
			runOnlyForDeploymentPostprocessing = 0;
		};
/* End PBXSourcesBuildPhase section */

/* Begin PBXTargetDependency section */
		796A16552316FC3600301C02 /* PBXTargetDependency */ = {
			isa = PBXTargetDependency;
			target = 796A163E2316FC3500301C02 /* CBuilder */;
			targetProxy = 796A16542316FC3600301C02 /* PBXContainerItemProxy */;
		};
/* End PBXTargetDependency section */

/* Begin PBXVariantGroup section */
		796A164B2316FC3600301C02 /* LaunchScreen.storyboard */ = {
			isa = PBXVariantGroup;
			children = (
				796A164C2316FC3600301C02 /* Base */,
			);
			name = LaunchScreen.storyboard;
			sourceTree = "<group>";
		};
/* End PBXVariantGroup section */

/* Begin XCBuildConfiguration section */
		796A165A2316FC3600301C02 /* Debug */ = {
			isa = XCBuildConfiguration;
			buildSettings = {
				ALWAYS_SEARCH_USER_PATHS = NO;
				CLANG_ANALYZER_NONNULL = YES;
				CLANG_ANALYZER_NUMBER_OBJECT_CONVERSION = YES_AGGRESSIVE;
				CLANG_CXX_LANGUAGE_STANDARD = "gnu++14";
				CLANG_CXX_LIBRARY = "libc++";
				CLANG_ENABLE_MODULES = YES;
				CLANG_ENABLE_OBJC_ARC = YES;
				CLANG_ENABLE_OBJC_WEAK = YES;
				CLANG_WARN_BLOCK_CAPTURE_AUTORELEASING = YES;
				CLANG_WARN_BOOL_CONVERSION = YES;
				CLANG_WARN_COMMA = YES;
				CLANG_WARN_CONSTANT_CONVERSION = YES;
				CLANG_WARN_DEPRECATED_OBJC_IMPLEMENTATIONS = YES;
				CLANG_WARN_DIRECT_OBJC_ISA_USAGE = YES_ERROR;
				CLANG_WARN_DOCUMENTATION_COMMENTS = YES;
				CLANG_WARN_EMPTY_BODY = YES;
				CLANG_WARN_ENUM_CONVERSION = YES;
				CLANG_WARN_INFINITE_RECURSION = YES;
				CLANG_WARN_INT_CONVERSION = YES;
				CLANG_WARN_NON_LITERAL_NULL_CONVERSION = YES;
				CLANG_WARN_OBJC_IMPLICIT_RETAIN_SELF = YES;
				CLANG_WARN_OBJC_LITERAL_CONVERSION = YES;
				CLANG_WARN_OBJC_ROOT_CLASS = YES_ERROR;
				CLANG_WARN_RANGE_LOOP_ANALYSIS = YES;
				CLANG_WARN_STRICT_PROTOTYPES = YES;
				CLANG_WARN_SUSPICIOUS_MOVE = YES;
				CLANG_WARN_UNGUARDED_AVAILABILITY = YES_AGGRESSIVE;
				CLANG_WARN_UNREACHABLE_CODE = YES;
				CLANG_WARN__DUPLICATE_METHOD_MATCH = YES;
				CODE_SIGN_IDENTITY = "iPhone Developer";
				COPY_PHASE_STRIP = NO;
				DEBUG_INFORMATION_FORMAT = dwarf;
				ENABLE_STRICT_OBJC_MSGSEND = YES;
				ENABLE_TESTABILITY = YES;
				GCC_C_LANGUAGE_STANDARD = gnu11;
				GCC_DYNAMIC_NO_PIC = NO;
				GCC_NO_COMMON_BLOCKS = YES;
				GCC_OPTIMIZATION_LEVEL = 0;
				GCC_PREPROCESSOR_DEFINITIONS = (
					"DEBUG=1",
					"$(inherited)",
				);
				GCC_WARN_64_TO_32_BIT_CONVERSION = YES;
				GCC_WARN_ABOUT_RETURN_TYPE = YES_ERROR;
				GCC_WARN_UNDECLARED_SELECTOR = YES;
				GCC_WARN_UNINITIALIZED_AUTOS = YES_AGGRESSIVE;
				GCC_WARN_UNUSED_FUNCTION = YES;
				GCC_WARN_UNUSED_VARIABLE = YES;
				IPHONEOS_DEPLOYMENT_TARGET = 12.4;
				MTL_ENABLE_DEBUG_INFO = INCLUDE_SOURCE;
				MTL_FAST_MATH = YES;
				ONLY_ACTIVE_ARCH = YES;
				SDKROOT = iphoneos;
				SWIFT_ACTIVE_COMPILATION_CONDITIONS = DEBUG;
				SWIFT_OPTIMIZATION_LEVEL = "-Onone";
			};
			name = Debug;
		};
		796A165B2316FC3600301C02 /* Release */ = {
			isa = XCBuildConfiguration;
			buildSettings = {
				ALWAYS_SEARCH_USER_PATHS = NO;
				CLANG_ANALYZER_NONNULL = YES;
				CLANG_ANALYZER_NUMBER_OBJECT_CONVERSION = YES_AGGRESSIVE;
				CLANG_CXX_LANGUAGE_STANDARD = "gnu++14";
				CLANG_CXX_LIBRARY = "libc++";
				CLANG_ENABLE_MODULES = YES;
				CLANG_ENABLE_OBJC_ARC = YES;
				CLANG_ENABLE_OBJC_WEAK = YES;
				CLANG_WARN_BLOCK_CAPTURE_AUTORELEASING = YES;
				CLANG_WARN_BOOL_CONVERSION = YES;
				CLANG_WARN_COMMA = YES;
				CLANG_WARN_CONSTANT_CONVERSION = YES;
				CLANG_WARN_DEPRECATED_OBJC_IMPLEMENTATIONS = YES;
				CLANG_WARN_DIRECT_OBJC_ISA_USAGE = YES_ERROR;
				CLANG_WARN_DOCUMENTATION_COMMENTS = YES;
				CLANG_WARN_EMPTY_BODY = YES;
				CLANG_WARN_ENUM_CONVERSION = YES;
				CLANG_WARN_INFINITE_RECURSION = YES;
				CLANG_WARN_INT_CONVERSION = YES;
				CLANG_WARN_NON_LITERAL_NULL_CONVERSION = YES;
				CLANG_WARN_OBJC_IMPLICIT_RETAIN_SELF = YES;
				CLANG_WARN_OBJC_LITERAL_CONVERSION = YES;
				CLANG_WARN_OBJC_ROOT_CLASS = YES_ERROR;
				CLANG_WARN_RANGE_LOOP_ANALYSIS = YES;
				CLANG_WARN_STRICT_PROTOTYPES = YES;
				CLANG_WARN_SUSPICIOUS_MOVE = YES;
				CLANG_WARN_UNGUARDED_AVAILABILITY = YES_AGGRESSIVE;
				CLANG_WARN_UNREACHABLE_CODE = YES;
				CLANG_WARN__DUPLICATE_METHOD_MATCH = YES;
				CODE_SIGN_IDENTITY = "iPhone Developer";
				COPY_PHASE_STRIP = NO;
				DEBUG_INFORMATION_FORMAT = "dwarf-with-dsym";
				ENABLE_NS_ASSERTIONS = NO;
				ENABLE_STRICT_OBJC_MSGSEND = YES;
				GCC_C_LANGUAGE_STANDARD = gnu11;
				GCC_NO_COMMON_BLOCKS = YES;
				GCC_WARN_64_TO_32_BIT_CONVERSION = YES;
				GCC_WARN_ABOUT_RETURN_TYPE = YES_ERROR;
				GCC_WARN_UNDECLARED_SELECTOR = YES;
				GCC_WARN_UNINITIALIZED_AUTOS = YES_AGGRESSIVE;
				GCC_WARN_UNUSED_FUNCTION = YES;
				GCC_WARN_UNUSED_VARIABLE = YES;
				IPHONEOS_DEPLOYMENT_TARGET = 12.4;
				MTL_ENABLE_DEBUG_INFO = NO;
				MTL_FAST_MATH = YES;
				SDKROOT = iphoneos;
				SWIFT_COMPILATION_MODE = wholemodule;
				SWIFT_OPTIMIZATION_LEVEL = "-O";
				VALIDATE_PRODUCT = YES;
			};
			name = Release;
		};
		796A165D2316FC3600301C02 /* Debug */ = {
			isa = XCBuildConfiguration;
			buildSettings = {
				ASSETCATALOG_COMPILER_APPICON_NAME = AppIcon;
				CODE_SIGN_STYLE = Automatic;
				DEVELOPMENT_TEAM = F6FYGZ29HL;
				INFOPLIST_FILE = CBuilder/Info.plist;
				LD_RUNPATH_SEARCH_PATHS = (
					"$(inherited)",
					"@executable_path/Frameworks",
				);
				PRODUCT_BUNDLE_IDENTIFIER = com.academy.CBuilder;
				PRODUCT_NAME = "$(TARGET_NAME)";
				SWIFT_VERSION = 5.0;
				TARGETED_DEVICE_FAMILY = "1,2";
			};
			name = Debug;
		};
		796A165E2316FC3600301C02 /* Release */ = {
			isa = XCBuildConfiguration;
			buildSettings = {
				ASSETCATALOG_COMPILER_APPICON_NAME = AppIcon;
				CODE_SIGN_STYLE = Automatic;
				DEVELOPMENT_TEAM = F6FYGZ29HL;
				INFOPLIST_FILE = CBuilder/Info.plist;
				LD_RUNPATH_SEARCH_PATHS = (
					"$(inherited)",
					"@executable_path/Frameworks",
				);
				PRODUCT_BUNDLE_IDENTIFIER = com.academy.CBuilder;
				PRODUCT_NAME = "$(TARGET_NAME)";
				SWIFT_VERSION = 5.0;
				TARGETED_DEVICE_FAMILY = "1,2";
			};
			name = Release;
		};
		796A16602316FC3600301C02 /* Debug */ = {
			isa = XCBuildConfiguration;
			buildSettings = {
				ALWAYS_EMBED_SWIFT_STANDARD_LIBRARIES = YES;
				BUNDLE_LOADER = "$(TEST_HOST)";
				CODE_SIGN_STYLE = Automatic;
				DEVELOPMENT_TEAM = F6FYGZ29HL;
				INFOPLIST_FILE = CBuilderTests/Info.plist;
				LD_RUNPATH_SEARCH_PATHS = (
					"$(inherited)",
					"@executable_path/Frameworks",
					"@loader_path/Frameworks",
				);
				PRODUCT_BUNDLE_IDENTIFIER = com.academy.CBuilderTests;
				PRODUCT_NAME = "$(TARGET_NAME)";
				SWIFT_VERSION = 5.0;
				TARGETED_DEVICE_FAMILY = "1,2";
				TEST_HOST = "$(BUILT_PRODUCTS_DIR)/CBuilder.app/CBuilder";
			};
			name = Debug;
		};
		796A16612316FC3600301C02 /* Release */ = {
			isa = XCBuildConfiguration;
			buildSettings = {
				ALWAYS_EMBED_SWIFT_STANDARD_LIBRARIES = YES;
				BUNDLE_LOADER = "$(TEST_HOST)";
				CODE_SIGN_STYLE = Automatic;
				DEVELOPMENT_TEAM = F6FYGZ29HL;
				INFOPLIST_FILE = CBuilderTests/Info.plist;
				LD_RUNPATH_SEARCH_PATHS = (
					"$(inherited)",
					"@executable_path/Frameworks",
					"@loader_path/Frameworks",
				);
				PRODUCT_BUNDLE_IDENTIFIER = com.academy.CBuilderTests;
				PRODUCT_NAME = "$(TARGET_NAME)";
				SWIFT_VERSION = 5.0;
				TARGETED_DEVICE_FAMILY = "1,2";
				TEST_HOST = "$(BUILT_PRODUCTS_DIR)/CBuilder.app/CBuilder";
			};
			name = Release;
		};
/* End XCBuildConfiguration section */

/* Begin XCConfigurationList section */
		796A163A2316FC3500301C02 /* Build configuration list for PBXProject "CBuilder" */ = {
			isa = XCConfigurationList;
			buildConfigurations = (
				796A165A2316FC3600301C02 /* Debug */,
				796A165B2316FC3600301C02 /* Release */,
			);
			defaultConfigurationIsVisible = 0;
			defaultConfigurationName = Release;
		};
		796A165C2316FC3600301C02 /* Build configuration list for PBXNativeTarget "CBuilder" */ = {
			isa = XCConfigurationList;
			buildConfigurations = (
				796A165D2316FC3600301C02 /* Debug */,
				796A165E2316FC3600301C02 /* Release */,
			);
			defaultConfigurationIsVisible = 0;
			defaultConfigurationName = Release;
		};
		796A165F2316FC3600301C02 /* Build configuration list for PBXNativeTarget "CBuilderTests" */ = {
			isa = XCConfigurationList;
			buildConfigurations = (
				796A16602316FC3600301C02 /* Debug */,
				796A16612316FC3600301C02 /* Release */,
			);
			defaultConfigurationIsVisible = 0;
			defaultConfigurationName = Release;
		};
/* End XCConfigurationList section */
	};
	rootObject = 796A16372316FC3500301C02 /* Project object */;
}
